// !$*UTF8*$!
{
	archiveVersion = 1;
	classes = {
	};
	objectVersion = 46;
	objects = {

/* Begin PBXBuildFile section */
		931F0F991ECAF3A90097DF2D /* main.m in Sources */ = {isa = PBXBuildFile; fileRef = 931F0F981ECAF3A90097DF2D /* main.m */; };
		931F0F9C1ECAF3A90097DF2D /* AppDelegate.m in Sources */ = {isa = PBXBuildFile; fileRef = 931F0F9B1ECAF3A90097DF2D /* AppDelegate.m */; };
		931F0F9F1ECAF3A90097DF2D /* ViewController.m in Sources */ = {isa = PBXBuildFile; fileRef = 931F0F9E1ECAF3A90097DF2D /* ViewController.m */; };
		931F0FA41ECAF3A90097DF2D /* Assets.xcassets in Resources */ = {isa = PBXBuildFile; fileRef = 931F0FA31ECAF3A90097DF2D /* Assets.xcassets */; };
		931F0FA71ECAF3A90097DF2D /* LaunchScreen.storyboard in Resources */ = {isa = PBXBuildFile; fileRef = 931F0FA51ECAF3A90097DF2D /* LaunchScreen.storyboard */; };
		931F0FB21ECAF3A90097DF2D /* WaterFlowLayoutUITests.m in Sources */ = {isa = PBXBuildFile; fileRef = 931F0FB11ECAF3A90097DF2D /* WaterFlowLayoutUITests.m */; };
		931F0FC01ECAF7930097DF2D /* WYWaterFlowLayout.m in Sources */ = {isa = PBXBuildFile; fileRef = 931F0FBF1ECAF7930097DF2D /* WYWaterFlowLayout.m */; };
		931F0FC31ECAF7C90097DF2D /* WYCollectionViewWaterfallLayout.m in Sources */ = {isa = PBXBuildFile; fileRef = 931F0FC21ECAF7C90097DF2D /* WYCollectionViewWaterfallLayout.m */; };
		93A6DABC1ECE8FC5009C0DD1 /* WYTestLayout.m in Sources */ = {isa = PBXBuildFile; fileRef = 93A6DABB1ECE8FC5009C0DD1 /* WYTestLayout.m */; };
/* End PBXBuildFile section */

/* Begin PBXContainerItemProxy section */
		931F0FAE1ECAF3A90097DF2D /* PBXContainerItemProxy */ = {
			isa = PBXContainerItemProxy;
			containerPortal = 931F0F8C1ECAF3A90097DF2D /* Project object */;
			proxyType = 1;
			remoteGlobalIDString = 931F0F931ECAF3A90097DF2D;
			remoteInfo = WaterFlowLayout;
		};
/* End PBXContainerItemProxy section */

/* Begin PBXFileReference section */
		931F0F941ECAF3A90097DF2D /* WaterFlowLayout.app */ = {isa = PBXFileReference; explicitFileType = wrapper.application; includeInIndex = 0; path = WaterFlowLayout.app; sourceTree = BUILT_PRODUCTS_DIR; };
		931F0F981ECAF3A90097DF2D /* main.m */ = {isa = PBXFileReference; lastKnownFileType = sourcecode.c.objc; path = main.m; sourceTree = "<group>"; };
		931F0F9A1ECAF3A90097DF2D /* AppDelegate.h */ = {isa = PBXFileReference; lastKnownFileType = sourcecode.c.h; path = AppDelegate.h; sourceTree = "<group>"; };
		931F0F9B1ECAF3A90097DF2D /* AppDelegate.m */ = {isa = PBXFileReference; lastKnownFileType = sourcecode.c.objc; path = AppDelegate.m; sourceTree = "<group>"; };
		931F0F9D1ECAF3A90097DF2D /* ViewController.h */ = {isa = PBXFileReference; lastKnownFileType = sourcecode.c.h; path = ViewController.h; sourceTree = "<group>"; };
		931F0F9E1ECAF3A90097DF2D /* ViewController.m */ = {isa = PBXFileReference; lastKnownFileType = sourcecode.c.objc; path = ViewController.m; sourceTree = "<group>"; };
		931F0FA31ECAF3A90097DF2D /* Assets.xcassets */ = {isa = PBXFileReference; lastKnownFileType = folder.assetcatalog; path = Assets.xcassets; sourceTree = "<group>"; };
		931F0FA61ECAF3A90097DF2D /* Base */ = {isa = PBXFileReference; lastKnownFileType = file.storyboard; name = Base; path = Base.lproj/LaunchScreen.storyboard; sourceTree = "<group>"; };
		931F0FA81ECAF3A90097DF2D /* Info.plist */ = {isa = PBXFileReference; lastKnownFileType = text.plist.xml; path = Info.plist; sourceTree = "<group>"; };
		931F0FAD1ECAF3A90097DF2D /* WaterFlowLayoutUITests.xctest */ = {isa = PBXFileReference; explicitFileType = wrapper.cfbundle; includeInIndex = 0; path = WaterFlowLayoutUITests.xctest; sourceTree = BUILT_PRODUCTS_DIR; };
		931F0FB11ECAF3A90097DF2D /* WaterFlowLayoutUITests.m */ = {isa = PBXFileReference; lastKnownFileType = sourcecode.c.objc; path = WaterFlowLayoutUITests.m; sourceTree = "<group>"; };
		931F0FB31ECAF3A90097DF2D /* Info.plist */ = {isa = PBXFileReference; lastKnownFileType = text.plist.xml; path = Info.plist; sourceTree = "<group>"; };
		931F0FBC1ECAF77D0097DF2D /* README.md */ = {isa = PBXFileReference; fileEncoding = 4; lastKnownFileType = net.daringfireball.markdown; path = README.md; sourceTree = "<group>"; };
		931F0FBE1ECAF7930097DF2D /* WYWaterFlowLayout.h */ = {isa = PBXFileReference; fileEncoding = 4; lastKnownFileType = sourcecode.c.h; path = WYWaterFlowLayout.h; sourceTree = "<group>"; };
		931F0FBF1ECAF7930097DF2D /* WYWaterFlowLayout.m */ = {isa = PBXFileReference; fileEncoding = 4; lastKnownFileType = sourcecode.c.objc; path = WYWaterFlowLayout.m; sourceTree = "<group>"; };
		931F0FC11ECAF7C90097DF2D /* WYCollectionViewWaterfallLayout.h */ = {isa = PBXFileReference; fileEncoding = 4; lastKnownFileType = sourcecode.c.h; path = WYCollectionViewWaterfallLayout.h; sourceTree = "<group>"; };
		931F0FC21ECAF7C90097DF2D /* WYCollectionViewWaterfallLayout.m */ = {isa = PBXFileReference; fileEncoding = 4; lastKnownFileType = sourcecode.c.objc; path = WYCollectionViewWaterfallLayout.m; sourceTree = "<group>"; };
		93A6DABA1ECE8FC5009C0DD1 /* WYTestLayout.h */ = {isa = PBXFileReference; fileEncoding = 4; lastKnownFileType = sourcecode.c.h; path = WYTestLayout.h; sourceTree = "<group>"; };
		93A6DABB1ECE8FC5009C0DD1 /* WYTestLayout.m */ = {isa = PBXFileReference; fileEncoding = 4; lastKnownFileType = sourcecode.c.objc; path = WYTestLayout.m; sourceTree = "<group>"; };
/* End PBXFileReference section */

/* Begin PBXFrameworksBuildPhase section */
		931F0F911ECAF3A90097DF2D /* Frameworks */ = {
			isa = PBXFrameworksBuildPhase;
			buildActionMask = 2147483647;
			files = (
			);
			runOnlyForDeploymentPostprocessing = 0;
		};
		931F0FAA1ECAF3A90097DF2D /* Frameworks */ = {
			isa = PBXFrameworksBuildPhase;
			buildActionMask = 2147483647;
			files = (
			);
			runOnlyForDeploymentPostprocessing = 0;
		};
/* End PBXFrameworksBuildPhase section */

/* Begin PBXGroup section */
		931F0F8B1ECAF3A90097DF2D = {
			isa = PBXGroup;
			children = (
				931F0FBC1ECAF77D0097DF2D /* README.md */,
				931F0F961ECAF3A90097DF2D /* WaterFlowLayout */,
				931F0FB01ECAF3A90097DF2D /* WaterFlowLayoutUITests */,
				931F0F951ECAF3A90097DF2D /* Products */,
			);
			sourceTree = "<group>";
		};
		931F0F951ECAF3A90097DF2D /* Products */ = {
			isa = PBXGroup;
			children = (
				931F0F941ECAF3A90097DF2D /* WaterFlowLayout.app */,
				931F0FAD1ECAF3A90097DF2D /* WaterFlowLayoutUITests.xctest */,
			);
			name = Products;
			sourceTree = "<group>";
		};
		931F0F961ECAF3A90097DF2D /* WaterFlowLayout */ = {
			isa = PBXGroup;
			children = (
				931F0FC11ECAF7C90097DF2D /* WYCollectionViewWaterfallLayout.h */,
				931F0FC21ECAF7C90097DF2D /* WYCollectionViewWaterfallLayout.m */,
				93A6DABA1ECE8FC5009C0DD1 /* WYTestLayout.h */,
				93A6DABB1ECE8FC5009C0DD1 /* WYTestLayout.m */,
				931F0FBE1ECAF7930097DF2D /* WYWaterFlowLayout.h */,
				931F0FBF1ECAF7930097DF2D /* WYWaterFlowLayout.m */,
				931F0F9A1ECAF3A90097DF2D /* AppDelegate.h */,
				931F0F9B1ECAF3A90097DF2D /* AppDelegate.m */,
				931F0F9D1ECAF3A90097DF2D /* ViewController.h */,
				931F0F9E1ECAF3A90097DF2D /* ViewController.m */,
				931F0FA31ECAF3A90097DF2D /* Assets.xcassets */,
				931F0FA51ECAF3A90097DF2D /* LaunchScreen.storyboard */,
				931F0FA81ECAF3A90097DF2D /* Info.plist */,
				931F0F971ECAF3A90097DF2D /* Supporting Files */,
			);
			path = WaterFlowLayout;
			sourceTree = "<group>";
		};
		931F0F971ECAF3A90097DF2D /* Supporting Files */ = {
			isa = PBXGroup;
			children = (
				931F0F981ECAF3A90097DF2D /* main.m */,
			);
			name = "Supporting Files";
			sourceTree = "<group>";
		};
		931F0FB01ECAF3A90097DF2D /* WaterFlowLayoutUITests */ = {
			isa = PBXGroup;
			children = (
				931F0FB11ECAF3A90097DF2D /* WaterFlowLayoutUITests.m */,
				931F0FB31ECAF3A90097DF2D /* Info.plist */,
			);
			path = WaterFlowLayoutUITests;
			sourceTree = "<group>";
		};
/* End PBXGroup section */

/* Begin PBXNativeTarget section */
		931F0F931ECAF3A90097DF2D /* WaterFlowLayout */ = {
			isa = PBXNativeTarget;
			buildConfigurationList = 931F0FB61ECAF3A90097DF2D /* Build configuration list for PBXNativeTarget "WaterFlowLayout" */;
			buildPhases = (
				931F0F901ECAF3A90097DF2D /* Sources */,
				931F0F911ECAF3A90097DF2D /* Frameworks */,
				931F0F921ECAF3A90097DF2D /* Resources */,
			);
			buildRules = (
			);
			dependencies = (
			);
			name = WaterFlowLayout;
			productName = WaterFlowLayout;
			productReference = 931F0F941ECAF3A90097DF2D /* WaterFlowLayout.app */;
			productType = "com.apple.product-type.application";
		};
		931F0FAC1ECAF3A90097DF2D /* WaterFlowLayoutUITests */ = {
			isa = PBXNativeTarget;
			buildConfigurationList = 931F0FB91ECAF3A90097DF2D /* Build configuration list for PBXNativeTarget "WaterFlowLayoutUITests" */;
			buildPhases = (
				931F0FA91ECAF3A90097DF2D /* Sources */,
				931F0FAA1ECAF3A90097DF2D /* Frameworks */,
				931F0FAB1ECAF3A90097DF2D /* Resources */,
			);
			buildRules = (
			);
			dependencies = (
				931F0FAF1ECAF3A90097DF2D /* PBXTargetDependency */,
			);
			name = WaterFlowLayoutUITests;
			productName = WaterFlowLayoutUITests;
			productReference = 931F0FAD1ECAF3A90097DF2D /* WaterFlowLayoutUITests.xctest */;
			productType = "com.apple.product-type.bundle.ui-testing";
		};
/* End PBXNativeTarget section */

/* Begin PBXProject section */
		931F0F8C1ECAF3A90097DF2D /* Project object */ = {
			isa = PBXProject;
			attributes = {
				LastUpgradeCheck = 0830;
				ORGANIZATIONNAME = neutron;
				TargetAttributes = {
					931F0F931ECAF3A90097DF2D = {
						CreatedOnToolsVersion = 8.3.2;
						DevelopmentTeam = 8KXRR88TU3;
						ProvisioningStyle = Automatic;
					};
					931F0FAC1ECAF3A90097DF2D = {
						CreatedOnToolsVersion = 8.3.2;
						DevelopmentTeam = 8KXRR88TU3;
						ProvisioningStyle = Automatic;
						TestTargetID = 931F0F931ECAF3A90097DF2D;
					};
				};
			};
			buildConfigurationList = 931F0F8F1ECAF3A90097DF2D /* Build configuration list for PBXProject "WaterFlowLayout" */;
			compatibilityVersion = "Xcode 3.2";
			developmentRegion = English;
			hasScannedForEncodings = 0;
			knownRegions = (
				en,
				Base,
			);
			mainGroup = 931F0F8B1ECAF3A90097DF2D;
			productRefGroup = 931F0F951ECAF3A90097DF2D /* Products */;
			projectDirPath = "";
			projectRoot = "";
			targets = (
				931F0F931ECAF3A90097DF2D /* WaterFlowLayout */,
				931F0FAC1ECAF3A90097DF2D /* WaterFlowLayoutUITests */,
			);
		};
/* End PBXProject section */

/* Begin PBXResourcesBuildPhase section */
		931F0F921ECAF3A90097DF2D /* Resources */ = {
			isa = PBXResourcesBuildPhase;
			buildActionMask = 2147483647;
			files = (
				931F0FA71ECAF3A90097DF2D /* LaunchScreen.storyboard in Resources */,
				931F0FA41ECAF3A90097DF2D /* Assets.xcassets in Resources */,
			);
			runOnlyForDeploymentPostprocessing = 0;
		};
		931F0FAB1ECAF3A90097DF2D /* Resources */ = {
			isa = PBXResourcesBuildPhase;
			buildActionMask = 2147483647;
			files = (
			);
			runOnlyForDeploymentPostprocessing = 0;
		};
/* End PBXResourcesBuildPhase section */

/* Begin PBXSourcesBuildPhase section */
		931F0F901ECAF3A90097DF2D /* Sources */ = {
			isa = PBXSourcesBuildPhase;
			buildActionMask = 2147483647;
			files = (
				931F0F9F1ECAF3A90097DF2D /* ViewController.m in Sources */,
				931F0FC01ECAF7930097DF2D /* WYWaterFlowLayout.m in Sources */,
				931F0F9C1ECAF3A90097DF2D /* AppDelegate.m in Sources */,
				93A6DABC1ECE8FC5009C0DD1 /* WYTestLayout.m in Sources */,
				931F0FC31ECAF7C90097DF2D /* WYCollectionViewWaterfallLayout.m in Sources */,
				931F0F991ECAF3A90097DF2D /* main.m in Sources */,
			);
			runOnlyForDeploymentPostprocessing = 0;
		};
		931F0FA91ECAF3A90097DF2D /* Sources */ = {
			isa = PBXSourcesBuildPhase;
			buildActionMask = 2147483647;
			files = (
				931F0FB21ECAF3A90097DF2D /* WaterFlowLayoutUITests.m in Sources */,
			);
			runOnlyForDeploymentPostprocessing = 0;
		};
/* End PBXSourcesBuildPhase section */

/* Begin PBXTargetDependency section */
		931F0FAF1ECAF3A90097DF2D /* PBXTargetDependency */ = {
			isa = PBXTargetDependency;
			target = 931F0F931ECAF3A90097DF2D /* WaterFlowLayout */;
			targetProxy = 931F0FAE1ECAF3A90097DF2D /* PBXContainerItemProxy */;
		};
/* End PBXTargetDependency section */

/* Begin PBXVariantGroup section */
		931F0FA51ECAF3A90097DF2D /* LaunchScreen.storyboard */ = {
			isa = PBXVariantGroup;
			children = (
				931F0FA61ECAF3A90097DF2D /* Base */,
			);
			name = LaunchScreen.storyboard;
			sourceTree = "<group>";
		};
/* End PBXVariantGroup section */

/* Begin XCBuildConfiguration section */
		931F0FB41ECAF3A90097DF2D /* Debug */ = {
			isa = XCBuildConfiguration;
			buildSettings = {
				ALWAYS_SEARCH_USER_PATHS = NO;
				CLANG_ANALYZER_NONNULL = YES;
				CLANG_ANALYZER_NUMBER_OBJECT_CONVERSION = YES_AGGRESSIVE;
				CLANG_CXX_LANGUAGE_STANDARD = "gnu++0x";
				CLANG_CXX_LIBRARY = "libc++";
				CLANG_ENABLE_MODULES = YES;
				CLANG_ENABLE_OBJC_ARC = YES;
				CLANG_WARN_BOOL_CONVERSION = YES;
				CLANG_WARN_CONSTANT_CONVERSION = YES;
				CLANG_WARN_DIRECT_OBJC_ISA_USAGE = YES_ERROR;
				CLANG_WARN_DOCUMENTATION_COMMENTS = YES;
				CLANG_WARN_EMPTY_BODY = YES;
				CLANG_WARN_ENUM_CONVERSION = YES;
				CLANG_WARN_INFINITE_RECURSION = YES;
				CLANG_WARN_INT_CONVERSION = YES;
				CLANG_WARN_OBJC_ROOT_CLASS = YES_ERROR;
				CLANG_WARN_SUSPICIOUS_MOVE = YES;
				CLANG_WARN_UNREACHABLE_CODE = YES;
				CLANG_WARN__DUPLICATE_METHOD_MATCH = YES;
				"CODE_SIGN_IDENTITY[sdk=iphoneos*]" = "iPhone Developer";
				COPY_PHASE_STRIP = NO;
				DEBUG_INFORMATION_FORMAT = dwarf;
				ENABLE_STRICT_OBJC_MSGSEND = YES;
				ENABLE_TESTABILITY = YES;
				GCC_C_LANGUAGE_STANDARD = gnu99;
				GCC_DYNAMIC_NO_PIC = NO;
				GCC_NO_COMMON_BLOCKS = YES;
				GCC_OPTIMIZATION_LEVEL = 0;
				GCC_PREPROCESSOR_DEFINITIONS = (
					"DEBUG=1",
					"$(inherited)",
				);
				GCC_WARN_64_TO_32_BIT_CONVERSION = YES;
				GCC_WARN_ABOUT_RETURN_TYPE = YES_ERROR;
				GCC_WARN_UNDECLARED_SELECTOR = YES;
				GCC_WARN_UNINITIALIZED_AUTOS = YES_AGGRESSIVE;
				GCC_WARN_UNUSED_FUNCTION = YES;
				GCC_WARN_UNUSED_VARIABLE = YES;
				IPHONEOS_DEPLOYMENT_TARGET = 10.3;
				MTL_ENABLE_DEBUG_INFO = YES;
				ONLY_ACTIVE_ARCH = YES;
				SDKROOT = iphoneos;
			};
			name = Debug;
		};
		931F0FB51ECAF3A90097DF2D /* Release */ = {
			isa = XCBuildConfiguration;
			buildSettings = {
				ALWAYS_SEARCH_USER_PATHS = NO;
				CLANG_ANALYZER_NONNULL = YES;
				CLANG_ANALYZER_NUMBER_OBJECT_CONVERSION = YES_AGGRESSIVE;
				CLANG_CXX_LANGUAGE_STANDARD = "gnu++0x";
				CLANG_CXX_LIBRARY = "libc++";
				CLANG_ENABLE_MODULES = YES;
				CLANG_ENABLE_OBJC_ARC = YES;
				CLANG_WARN_BOOL_CONVERSION = YES;
				CLANG_WARN_CONSTANT_CONVERSION = YES;
				CLANG_WARN_DIRECT_OBJC_ISA_USAGE = YES_ERROR;
				CLANG_WARN_DOCUMENTATION_COMMENTS = YES;
				CLANG_WARN_EMPTY_BODY = YES;
				CLANG_WARN_ENUM_CONVERSION = YES;
				CLANG_WARN_INFINITE_RECURSION = YES;
				CLANG_WARN_INT_CONVERSION = YES;
				CLANG_WARN_OBJC_ROOT_CLASS = YES_ERROR;
				CLANG_WARN_SUSPICIOUS_MOVE = YES;
				CLANG_WARN_UNREACHABLE_CODE = YES;
				CLANG_WARN__DUPLICATE_METHOD_MATCH = YES;
				"CODE_SIGN_IDENTITY[sdk=iphoneos*]" = "iPhone Developer";
				COPY_PHASE_STRIP = NO;
				DEBUG_INFORMATION_FORMAT = "dwarf-with-dsym";
				ENABLE_NS_ASSERTIONS = NO;
				ENABLE_STRICT_OBJC_MSGSEND = YES;
				GCC_C_LANGUAGE_STANDARD = gnu99;
				GCC_NO_COMMON_BLOCKS = YES;
				GCC_WARN_64_TO_32_BIT_CONVERSION = YES;
				GCC_WARN_ABOUT_RETURN_TYPE = YES_ERROR;
				GCC_WARN_UNDECLARED_SELECTOR = YES;
				GCC_WARN_UNINITIALIZED_AUTOS = YES_AGGRESSIVE;
				GCC_WARN_UNUSED_FUNCTION = YES;
				GCC_WARN_UNUSED_VARIABLE = YES;
				IPHONEOS_DEPLOYMENT_TARGET = 10.3;
				MTL_ENABLE_DEBUG_INFO = NO;
				SDKROOT = iphoneos;
				VALIDATE_PRODUCT = YES;
			};
			name = Release;
		};
		931F0FB71ECAF3A90097DF2D /* Debug */ = {
			isa = XCBuildConfiguration;
			buildSettings = {
				ASSETCATALOG_COMPILER_APPICON_NAME = AppIcon;
				DEVELOPMENT_TEAM = 8KXRR88TU3;
				INFOPLIST_FILE = WaterFlowLayout/Info.plist;
				LD_RUNPATH_SEARCH_PATHS = "$(inherited) @executable_path/Frameworks";
				PRODUCT_BUNDLE_IDENTIFIER = com.neutron.WaterFlowLayout;
				PRODUCT_NAME = "$(TARGET_NAME)";
			};
			name = Debug;
		};
		931F0FB81ECAF3A90097DF2D /* Release */ = {
			isa = XCBuildConfiguration;
			buildSettings = {
				ASSETCATALOG_COMPILER_APPICON_NAME = AppIcon;
				DEVELOPMENT_TEAM = 8KXRR88TU3;
				INFOPLIST_FILE = WaterFlowLayout/Info.plist;
				LD_RUNPATH_SEARCH_PATHS = "$(inherited) @executable_path/Frameworks";
				PRODUCT_BUNDLE_IDENTIFIER = com.neutron.WaterFlowLayout;
				PRODUCT_NAME = "$(TARGET_NAME)";
			};
			name = Release;
		};
		931F0FBA1ECAF3A90097DF2D /* Debug */ = {
			isa = XCBuildConfiguration;
			buildSettings = {
				DEVELOPMENT_TEAM = 8KXRR88TU3;
				INFOPLIST_FILE = WaterFlowLayoutUITests/Info.plist;
				LD_RUNPATH_SEARCH_PATHS = "$(inherited) @executable_path/Frameworks @loader_path/Frameworks";
				PRODUCT_BUNDLE_IDENTIFIER = com.neutron.WaterFlowLayoutUITests;
				PRODUCT_NAME = "$(TARGET_NAME)";
				TEST_TARGET_NAME = WaterFlowLayout;
			};
			name = Debug;
		};
		931F0FBB1ECAF3A90097DF2D /* Release */ = {
			isa = XCBuildConfiguration;
			buildSettings = {
				DEVELOPMENT_TEAM = 8KXRR88TU3;
				INFOPLIST_FILE = WaterFlowLayoutUITests/Info.plist;
				LD_RUNPATH_SEARCH_PATHS = "$(inherited) @executable_path/Frameworks @loader_path/Frameworks";
				PRODUCT_BUNDLE_IDENTIFIER = com.neutron.WaterFlowLayoutUITests;
				PRODUCT_NAME = "$(TARGET_NAME)";
				TEST_TARGET_NAME = WaterFlowLayout;
			};
			name = Release;
		};
/* End XCBuildConfiguration section */

/* Begin XCConfigurationList section */
		931F0F8F1ECAF3A90097DF2D /* Build configuration list for PBXProject "WaterFlowLayout" */ = {
			isa = XCConfigurationList;
			buildConfigurations = (
				931F0FB41ECAF3A90097DF2D /* Debug */,
				931F0FB51ECAF3A90097DF2D /* Release */,
			);
			defaultConfigurationIsVisible = 0;
			defaultConfigurationName = Release;
		};
		931F0FB61ECAF3A90097DF2D /* Build configuration list for PBXNativeTarget "WaterFlowLayout" */ = {
			isa = XCConfigurationList;
			buildConfigurations = (
				931F0FB71ECAF3A90097DF2D /* Debug */,
				931F0FB81ECAF3A90097DF2D /* Release */,
			);
			defaultConfigurationIsVisible = 0;
			defaultConfigurationName = Release;
		};
		931F0FB91ECAF3A90097DF2D /* Build configuration list for PBXNativeTarget "WaterFlowLayoutUITests" */ = {
			isa = XCConfigurationList;
			buildConfigurations = (
				931F0FBA1ECAF3A90097DF2D /* Debug */,
				931F0FBB1ECAF3A90097DF2D /* Release */,
			);
			defaultConfigurationIsVisible = 0;
			defaultConfigurationName = Release;
		};
/* End XCConfigurationList section */
	};
	rootObject = 931F0F8C1ECAF3A90097DF2D /* Project object */;
}
